
Microsoft Visual Studio Solution File, Format Version 12.00
# Visual Studio Version 17
VisualStudioVersion = 17.8.34330.188
MinimumVisualStudioVersion = 10.0.40219.1
Project("{FAE04EC0-301F-11D3-BF4B-00C04F79EFBC}") = "Theme07", "Theme07.csproj", "{97B6236E-0E15-4991-B31C-230728D1CE1F}"
EndProject
Global
	GlobalSection(SolutionConfigurationPlatforms) = preSolution
		Debug|Any CPU = Debug|Any CPU
		Release|Any CPU = Release|Any CPU
	EndGlobalSection
	GlobalSection(ProjectConfigurationPlatforms) = postSolution
		{97B6236E-0E15-4991-B31C-230728D1CE1F}.Debug|Any CPU.ActiveCfg = Debug|Any CPU
		{97B6236E-0E15-4991-B31C-230728D1CE1F}.Debug|Any CPU.Build.0 = Debug|Any CPU
		{97B6236E-0E15-4991-B31C-230728D1CE1F}.Release|Any CPU.ActiveCfg = Release|Any CPU
		{97B6236E-0E15-4991-B31C-230728D1CE1F}.Release|Any CPU.Build.0 = Release|Any CPU
	EndGlobalSection
	GlobalSection(SolutionProperties) = preSolution
		HideSolutionNode = FALSE
	EndGlobalSection
	GlobalSection(ExtensibilityGlobals) = postSolution
		SolutionGuid = {F609000E-6321-463B-9BFA-831BD54F8D8D}
	EndGlobalSection
EndGlobal
